<?xml version="1.0" encoding="utf-8"?>
<Project ToolsVersion="4.0" xmlns="http://schemas.microsoft.com/developer/msbuild/2003">
  <ItemGroup>
    <Filter Include="源文件">
      <UniqueIdentifier>{4FC737F1-C7A5-4376-A066-2A32D752A2FF}</UniqueIdentifier>
      <Extensions>cpp;c;cc;cxx;c++;cppm;ixx;def;odl;idl;hpj;bat;asm;asmx</Extensions>
    </Filter>
    <Filter Include="头文件">
      <UniqueIdentifier>{93995380-89BD-4b04-88EB-625FBE52EBFB}</UniqueIdentifier>
      <Extensions>h;hh;hpp;hxx;h++;hm;inl;inc;ipp;xsd</Extensions>
    </Filter>
    <Filter Include="资源文件">
      <UniqueIdentifier>{67DA6AB6-F800-4c08-8B7A-83BB121AAD01}</UniqueIdentifier>
      <Extensions>rc;ico;cur;bmp;dlg;rc2;rct;bin;rgs;gif;jpg;jpeg;jpe;resx;tiff;tif;png;wav;mfcribbon-ms</Extensions>
    </Filter>
    <Filter Include="头文件\renders">
      <UniqueIdentifier>{f93445eb-130e-4f83-95cb-58fcd732ce78}</UniqueIdentifier>
    </Filter>
    <Filter Include="头文件\sew">
      <UniqueIdentifier>{ba8f2bad-b924-4539-96eb-6821f2e568cf}</UniqueIdentifier>
    </Filter>
    <Filter Include="头文件\model">
      <UniqueIdentifier>{7f1ee743-85c9-4570-a9b6-a38a7f54e9e0}</UniqueIdentifier>
    </Filter>
    <Filter Include="头文件\object">
      <UniqueIdentifier>{130a5a95-3c6e-4c7a-901c-ccd2b4d3a1c7}</UniqueIdentifier>
    </Filter>
    <Filter Include="源文件\shaders">
      <UniqueIdentifier>{2d16e129-e989-4979-af9a-81588c29856f}</UniqueIdentifier>
    </Filter>
    <Filter Include="头文件\dxf">
      <UniqueIdentifier>{2100fef1-c057-4fff-8815-83e349cb8972}</UniqueIdentifier>
    </Filter>
  </ItemGroup>
  <ItemGroup>
    <ClCompile Include="src\ClothSimulation.cpp">
      <Filter>源文件</Filter>
    </ClCompile>
    <ClCompile Include="src\glad.c">
      <Filter>源文件</Filter>
    </ClCompile>
    <ClCompile Include="src\test_creationclass.cpp">
      <Filter>头文件\dxf</Filter>
    </ClCompile>
    <ClCompile Include="includes\dxf\dl_dxf.cpp">
      <Filter>头文件\dxf</Filter>
    </ClCompile>
    <ClCompile Include="includes\dxf\dl_writer_ascii.cpp">
      <Filter>头文件\dxf</Filter>
    </ClCompile>
  </ItemGroup>
  <ItemGroup>
    <ClInclude Include="src\Display.h">
      <Filter>头文件</Filter>
    </ClInclude>
    <ClInclude Include="src\ClothRender.h">
      <Filter>头文件\renders</Filter>
    </ClInclude>
    <ClInclude Include="src\MeshRender.h">
      <Filter>头文件\renders</Filter>
    </ClInclude>
    <ClInclude Include="src\ModelRender.h">
      <Filter>头文件\renders</Filter>
    </ClInclude>
    <ClInclude Include="src\ClothPicker.h">
      <Filter>头文件\sew</Filter>
    </ClInclude>
    <ClInclude Include="src\ClothSewMachine.h">
      <Filter>头文件\sew</Filter>
    </ClInclude>
    <ClInclude Include="src\MouseRay.h">
      <Filter>头文件\sew</Filter>
    </ClInclude>
    <ClInclude Include="src\Mesh.h">
      <Filter>头文件\model</Filter>
    </ClInclude>
    <ClInclude Include="src\Camera.h">
      <Filter>头文件\object</Filter>
    </ClInclude>
    <ClInclude Include="src\Cloth.h">
      <Filter>头文件\object</Filter>
    </ClInclude>
    <ClInclude Include="src\CollisionBox.h">
      <Filter>头文件\object</Filter>
    </ClInclude>
    <ClInclude Include="src\Point.h">
      <Filter>头文件\object</Filter>
    </ClInclude>
    <ClInclude Include="src\Spring.h">
      <Filter>头文件\object</Filter>
    </ClInclude>
    <ClInclude Include="src\Shader.h">
      <Filter>头文件\object</Filter>
    </ClInclude>
    <ClInclude Include="src\test_creationclass.h">
      <Filter>头文件\dxf</Filter>
    </ClInclude>
    <ClInclude Include="src\ClothCreator.h">
      <Filter>头文件\object</Filter>
    </ClInclude>
    <ClInclude Include="src\Model.h">
      <Filter>头文件\model</Filter>
    </ClInclude>
  </ItemGroup>
  <ItemGroup>
    <None Include="src\shaders\SpringVS.glsl">
      <Filter>源文件\shaders</Filter>
    </None>
    <None Include="src\shaders\ClothFS.glsl">
      <Filter>源文件\shaders</Filter>
    </None>
    <None Include="src\shaders\ClothVS.glsl">
      <Filter>源文件\shaders</Filter>
    </None>
    <None Include="src\shaders\LineFS.glsl">
      <Filter>源文件\shaders</Filter>
    </None>
    <None Include="src\shaders\LineVS.glsl">
      <Filter>源文件\shaders</Filter>
    </None>
    <None Include="src\shaders\ModelFS.glsl">
      <Filter>源文件\shaders</Filter>
    </None>
    <None Include="src\shaders\ModelVS.glsl">
      <Filter>源文件\shaders</Filter>
    </None>
    <None Include="src\shaders\offscreenFS.glsl">
      <Filter>源文件\shaders</Filter>
    </None>
    <None Include="src\shaders\offscreenVS.glsl">
      <Filter>源文件\shaders</Filter>
    </None>
    <None Include="src\shaders\SpringFS.glsl">
      <Filter>源文件\shaders</Filter>
    </None>
  </ItemGroup>
</Project>